
Microsoft Visual Studio Solution File, Format Version 12.00
# Visual Studio 15
VisualStudioVersion = 15.0.27004.2006
MinimumVisualStudioVersion = 10.0.40219.1
Project("{FAE04EC0-301F-11D3-BF4B-00C04F79EFBC}") = "MerchantService", "MerchantService\MerchantService.csproj", "{7CDE7972-A7AF-4D4E-A464-10BF6D577501}"
EndProject
Global
	GlobalSection(SolutionConfigurationPlatforms) = preSolution
		Debug|Any CPU = Debug|Any CPU
		Release|Any CPU = Release|Any CPU
	EndGlobalSection
	GlobalSection(ProjectConfigurationPlatforms) = postSolution
		{7CDE7972-A7AF-4D4E-A464-10BF6D577501}.Debug|Any CPU.ActiveCfg = Debug|Any CPU
		{7CDE7972-A7AF-4D4E-A464-10BF6D577501}.Debug|Any CPU.Build.0 = Debug|Any CPU
		{7CDE7972-A7AF-4D4E-A464-10BF6D577501}.Release|Any CPU.ActiveCfg = Release|Any CPU
		{7CDE7972-A7AF-4D4E-A464-10BF6D577501}.Release|Any CPU.Build.0 = Release|Any CPU
	EndGlobalSection
	GlobalSection(SolutionProperties) = preSolution
		HideSolutionNode = FALSE
	EndGlobalSection
	GlobalSection(ExtensibilityGlobals) = postSolution
		SolutionGuid = {FDC444EC-14D2-4B75-84E4-D282A31FA902}
	EndGlobalSection
EndGlobal
