
Microsoft Visual Studio Solution File, Format Version 12.00
# Visual Studio 15
VisualStudioVersion = 15.0.27004.2002
MinimumVisualStudioVersion = 10.0.40219.1
Project("{FAE04EC0-301F-11D3-BF4B-00C04F79EFBC}") = "Generator", "Console\Generator.csproj", "{8BEDBED4-B21F-4E89-BFBD-AB76CDF1B916}"
EndProject
Project("{FAE04EC0-301F-11D3-BF4B-00C04F79EFBC}") = "AppointmentLibrary", "ConsoleApp1\AppointmentLibrary.csproj", "{3CCA7ABF-2CA9-44C1-AFE1-9D609F141082}"
EndProject
Project("{FAE04EC0-301F-11D3-BF4B-00C04F79EFBC}") = "AppointmentService", "AppointmentService\AppointmentService.csproj", "{45A8B38A-8985-45A2-A2D5-05744484D26E}"
EndProject
Project("{FAE04EC0-301F-11D3-BF4B-00C04F79EFBC}") = "GeneratedLibrary", "GeneratedLibrary\GeneratedLibrary.csproj", "{846A894F-B659-4071-A131-9DF9033C1512}"
EndProject
Global
	GlobalSection(SolutionConfigurationPlatforms) = preSolution
		Debug|Any CPU = Debug|Any CPU
		Release|Any CPU = Release|Any CPU
	EndGlobalSection
	GlobalSection(ProjectConfigurationPlatforms) = postSolution
		{8BEDBED4-B21F-4E89-BFBD-AB76CDF1B916}.Debug|Any CPU.ActiveCfg = Debug|Any CPU
		{8BEDBED4-B21F-4E89-BFBD-AB76CDF1B916}.Debug|Any CPU.Build.0 = Debug|Any CPU
		{8BEDBED4-B21F-4E89-BFBD-AB76CDF1B916}.Release|Any CPU.ActiveCfg = Release|Any CPU
		{8BEDBED4-B21F-4E89-BFBD-AB76CDF1B916}.Release|Any CPU.Build.0 = Release|Any CPU
		{3CCA7ABF-2CA9-44C1-AFE1-9D609F141082}.Debug|Any CPU.ActiveCfg = Debug|Any CPU
		{3CCA7ABF-2CA9-44C1-AFE1-9D609F141082}.Debug|Any CPU.Build.0 = Debug|Any CPU
		{3CCA7ABF-2CA9-44C1-AFE1-9D609F141082}.Release|Any CPU.ActiveCfg = Release|Any CPU
		{3CCA7ABF-2CA9-44C1-AFE1-9D609F141082}.Release|Any CPU.Build.0 = Release|Any CPU
		{45A8B38A-8985-45A2-A2D5-05744484D26E}.Debug|Any CPU.ActiveCfg = Debug|Any CPU
		{45A8B38A-8985-45A2-A2D5-05744484D26E}.Debug|Any CPU.Build.0 = Debug|Any CPU
		{45A8B38A-8985-45A2-A2D5-05744484D26E}.Release|Any CPU.ActiveCfg = Release|Any CPU
		{45A8B38A-8985-45A2-A2D5-05744484D26E}.Release|Any CPU.Build.0 = Release|Any CPU
		{846A894F-B659-4071-A131-9DF9033C1512}.Debug|Any CPU.ActiveCfg = Debug|Any CPU
		{846A894F-B659-4071-A131-9DF9033C1512}.Debug|Any CPU.Build.0 = Debug|Any CPU
		{846A894F-B659-4071-A131-9DF9033C1512}.Release|Any CPU.ActiveCfg = Release|Any CPU
		{846A894F-B659-4071-A131-9DF9033C1512}.Release|Any CPU.Build.0 = Release|Any CPU
	EndGlobalSection
	GlobalSection(SolutionProperties) = preSolution
		HideSolutionNode = FALSE
	EndGlobalSection
	GlobalSection(ExtensibilityGlobals) = postSolution
		SolutionGuid = {65F80130-60D2-4472-A483-50E866E5F20C}
	EndGlobalSection
EndGlobal
